// !$*UTF8*$!
{
	archiveVersion = 1;
	classes = {
	};
	objectVersion = 56;
	objects = {

/* Begin PBXBuildFile section */
		68BA98EA2C2D495D00BCD943 /* Account.swift in Sources */ = {isa = PBXBuildFile; fileRef = 68BA98E92C2D495D00BCD943 /* Account.swift */; };
		68BA98EC2C2D4A1200BCD943 /* Transaction.swift in Sources */ = {isa = PBXBuildFile; fileRef = 68BA98EB2C2D4A1200BCD943 /* Transaction.swift */; };
		68BA98EE2C2D4EC500BCD943 /* TransactionTableViewCell.swift in Sources */ = {isa = PBXBuildFile; fileRef = 68BA98ED2C2D4EC500BCD943 /* TransactionTableViewCell.swift */; };
		68BA98F02C2D68D900BCD943 /* AccountTableViewCell.swift in Sources */ = {isa = PBXBuildFile; fileRef = 68BA98EF2C2D68D900BCD943 /* AccountTableViewCell.swift */; };
		68BA98F32C2D6CFB00BCD943 /* UIStackView + Extensions.swift in Sources */ = {isa = PBXBuildFile; fileRef = 68BA98F22C2D6CFB00BCD943 /* UIStackView + Extensions.swift */; };
		8489558A2C2C5F2B00AFB43B /* AppDelegate.swift in Sources */ = {isa = PBXBuildFile; fileRef = 848955892C2C5F2B00AFB43B /* AppDelegate.swift */; };
		8489558C2C2C5F2B00AFB43B /* SceneDelegate.swift in Sources */ = {isa = PBXBuildFile; fileRef = 8489558B2C2C5F2B00AFB43B /* SceneDelegate.swift */; };
		8489558E2C2C5F2B00AFB43B /* HomeViewController.swift in Sources */ = {isa = PBXBuildFile; fileRef = 8489558D2C2C5F2B00AFB43B /* HomeViewController.swift */; };
		848955932C2C5F2D00AFB43B /* Assets.xcassets in Resources */ = {isa = PBXBuildFile; fileRef = 848955922C2C5F2D00AFB43B /* Assets.xcassets */; };
		848955962C2C5F2D00AFB43B /* LaunchScreen.storyboard in Resources */ = {isa = PBXBuildFile; fileRef = 848955942C2C5F2D00AFB43B /* LaunchScreen.storyboard */; };
/* End PBXBuildFile section */

/* Begin PBXFileReference section */
		68BA98E92C2D495D00BCD943 /* Account.swift */ = {isa = PBXFileReference; lastKnownFileType = sourcecode.swift; path = Account.swift; sourceTree = "<group>"; };
		68BA98EB2C2D4A1200BCD943 /* Transaction.swift */ = {isa = PBXFileReference; lastKnownFileType = sourcecode.swift; path = Transaction.swift; sourceTree = "<group>"; };
		68BA98ED2C2D4EC500BCD943 /* TransactionTableViewCell.swift */ = {isa = PBXFileReference; lastKnownFileType = sourcecode.swift; path = TransactionTableViewCell.swift; sourceTree = "<group>"; };
		68BA98EF2C2D68D900BCD943 /* AccountTableViewCell.swift */ = {isa = PBXFileReference; lastKnownFileType = sourcecode.swift; path = AccountTableViewCell.swift; sourceTree = "<group>"; };
		68BA98F22C2D6CFB00BCD943 /* UIStackView + Extensions.swift */ = {isa = PBXFileReference; lastKnownFileType = sourcecode.swift; path = "UIStackView + Extensions.swift"; sourceTree = "<group>"; };
		848955862C2C5F2B00AFB43B /* M-Bank.app */ = {isa = PBXFileReference; explicitFileType = wrapper.application; includeInIndex = 0; path = "M-Bank.app"; sourceTree = BUILT_PRODUCTS_DIR; };
		848955892C2C5F2B00AFB43B /* AppDelegate.swift */ = {isa = PBXFileReference; lastKnownFileType = sourcecode.swift; path = AppDelegate.swift; sourceTree = "<group>"; };
		8489558B2C2C5F2B00AFB43B /* SceneDelegate.swift */ = {isa = PBXFileReference; lastKnownFileType = sourcecode.swift; path = SceneDelegate.swift; sourceTree = "<group>"; };
		8489558D2C2C5F2B00AFB43B /* HomeViewController.swift */ = {isa = PBXFileReference; lastKnownFileType = sourcecode.swift; path = HomeViewController.swift; sourceTree = "<group>"; };
		848955922C2C5F2D00AFB43B /* Assets.xcassets */ = {isa = PBXFileReference; lastKnownFileType = folder.assetcatalog; path = Assets.xcassets; sourceTree = "<group>"; };
		848955952C2C5F2D00AFB43B /* Base */ = {isa = PBXFileReference; lastKnownFileType = file.storyboard; name = Base; path = Base.lproj/LaunchScreen.storyboard; sourceTree = "<group>"; };
		848955972C2C5F2D00AFB43B /* Info.plist */ = {isa = PBXFileReference; lastKnownFileType = text.plist.xml; path = Info.plist; sourceTree = "<group>"; };
/* End PBXFileReference section */

/* Begin PBXFrameworksBuildPhase section */
		848955832C2C5F2B00AFB43B /* Frameworks */ = {
			isa = PBXFrameworksBuildPhase;
			buildActionMask = 2147483647;
			files = (
			);
			runOnlyForDeploymentPostprocessing = 0;
		};
/* End PBXFrameworksBuildPhase section */

/* Begin PBXGroup section */
		68BA98E72C2D46F900BCD943 /* Common */ = {
			isa = PBXGroup;
			children = (
				848955892C2C5F2B00AFB43B /* AppDelegate.swift */,
				8489558B2C2C5F2B00AFB43B /* SceneDelegate.swift */,
				848955922C2C5F2D00AFB43B /* Assets.xcassets */,
				848955942C2C5F2D00AFB43B /* LaunchScreen.storyboard */,
				848955972C2C5F2D00AFB43B /* Info.plist */,
			);
			name = Common;
			sourceTree = "<group>";
		};
		68BA98E82C2D493800BCD943 /* Models */ = {
			isa = PBXGroup;
			children = (
				68BA98E92C2D495D00BCD943 /* Account.swift */,
				68BA98EB2C2D4A1200BCD943 /* Transaction.swift */,
			);
			name = Models;
			sourceTree = "<group>";
		};
		68BA98F12C2D6CD600BCD943 /* Extensions */ = {
			isa = PBXGroup;
			children = (
				68BA98F22C2D6CFB00BCD943 /* UIStackView + Extensions.swift */,
			);
			name = Extensions;
			sourceTree = "<group>";
		};
		8489557D2C2C5F2B00AFB43B = {
			isa = PBXGroup;
			children = (
				848955882C2C5F2B00AFB43B /* M-Bank */,
				848955872C2C5F2B00AFB43B /* Products */,
			);
			sourceTree = "<group>";
		};
		848955872C2C5F2B00AFB43B /* Products */ = {
			isa = PBXGroup;
			children = (
				848955862C2C5F2B00AFB43B /* M-Bank.app */,
			);
			name = Products;
			sourceTree = "<group>";
		};
		848955882C2C5F2B00AFB43B /* M-Bank */ = {
			isa = PBXGroup;
			children = (
				68BA98F12C2D6CD600BCD943 /* Extensions */,
				68BA98E82C2D493800BCD943 /* Models */,
				68BA98E72C2D46F900BCD943 /* Common */,
				8489558D2C2C5F2B00AFB43B /* HomeViewController.swift */,
				68BA98ED2C2D4EC500BCD943 /* TransactionTableViewCell.swift */,
				68BA98EF2C2D68D900BCD943 /* AccountTableViewCell.swift */,
			);
			path = "M-Bank";
			sourceTree = "<group>";
		};
/* End PBXGroup section */

/* Begin PBXNativeTarget section */
		848955852C2C5F2B00AFB43B /* M-Bank */ = {
			isa = PBXNativeTarget;
			buildConfigurationList = 8489559A2C2C5F2D00AFB43B /* Build configuration list for PBXNativeTarget "M-Bank" */;
			buildPhases = (
				848955822C2C5F2B00AFB43B /* Sources */,
				848955832C2C5F2B00AFB43B /* Frameworks */,
				848955842C2C5F2B00AFB43B /* Resources */,
			);
			buildRules = (
			);
			dependencies = (
			);
			name = "M-Bank";
			productName = "M-Bank";
			productReference = 848955862C2C5F2B00AFB43B /* M-Bank.app */;
			productType = "com.apple.product-type.application";
		};
/* End PBXNativeTarget section */

/* Begin PBXProject section */
		8489557E2C2C5F2B00AFB43B /* Project object */ = {
			isa = PBXProject;
			attributes = {
				BuildIndependentTargetsInParallel = 1;
				LastSwiftUpdateCheck = 1510;
				LastUpgradeCheck = 1510;
				TargetAttributes = {
					848955852C2C5F2B00AFB43B = {
						CreatedOnToolsVersion = 15.1;
					};
				};
			};
			buildConfigurationList = 848955812C2C5F2B00AFB43B /* Build configuration list for PBXProject "M-Bank" */;
			compatibilityVersion = "Xcode 14.0";
			developmentRegion = en;
			hasScannedForEncodings = 0;
			knownRegions = (
				en,
				Base,
			);
			mainGroup = 8489557D2C2C5F2B00AFB43B;
			productRefGroup = 848955872C2C5F2B00AFB43B /* Products */;
			projectDirPath = "";
			projectRoot = "";
			targets = (
				848955852C2C5F2B00AFB43B /* M-Bank */,
			);
		};
/* End PBXProject section */

/* Begin PBXResourcesBuildPhase section */
		848955842C2C5F2B00AFB43B /* Resources */ = {
			isa = PBXResourcesBuildPhase;
			buildActionMask = 2147483647;
			files = (
				848955962C2C5F2D00AFB43B /* LaunchScreen.storyboard in Resources */,
				848955932C2C5F2D00AFB43B /* Assets.xcassets in Resources */,
			);
			runOnlyForDeploymentPostprocessing = 0;
		};
/* End PBXResourcesBuildPhase section */

/* Begin PBXSourcesBuildPhase section */
		848955822C2C5F2B00AFB43B /* Sources */ = {
			isa = PBXSourcesBuildPhase;
			buildActionMask = 2147483647;
			files = (
				8489558E2C2C5F2B00AFB43B /* HomeViewController.swift in Sources */,
				68BA98EA2C2D495D00BCD943 /* Account.swift in Sources */,
				8489558A2C2C5F2B00AFB43B /* AppDelegate.swift in Sources */,
				68BA98F32C2D6CFB00BCD943 /* UIStackView + Extensions.swift in Sources */,
				8489558C2C2C5F2B00AFB43B /* SceneDelegate.swift in Sources */,
				68BA98F02C2D68D900BCD943 /* AccountTableViewCell.swift in Sources */,
				68BA98EE2C2D4EC500BCD943 /* TransactionTableViewCell.swift in Sources */,
				68BA98EC2C2D4A1200BCD943 /* Transaction.swift in Sources */,
			);
			runOnlyForDeploymentPostprocessing = 0;
		};
/* End PBXSourcesBuildPhase section */

/* Begin PBXVariantGroup section */
		848955942C2C5F2D00AFB43B /* LaunchScreen.storyboard */ = {
			isa = PBXVariantGroup;
			children = (
				848955952C2C5F2D00AFB43B /* Base */,
			);
			name = LaunchScreen.storyboard;
			sourceTree = "<group>";
		};
/* End PBXVariantGroup section */

/* Begin XCBuildConfiguration section */
		848955982C2C5F2D00AFB43B /* Debug */ = {
			isa = XCBuildConfiguration;
			buildSettings = {
				ALWAYS_SEARCH_USER_PATHS = NO;
				ASSETCATALOG_COMPILER_GENERATE_SWIFT_ASSET_SYMBOL_EXTENSIONS = YES;
				CLANG_ANALYZER_NONNULL = YES;
				CLANG_ANALYZER_NUMBER_OBJECT_CONVERSION = YES_AGGRESSIVE;
				CLANG_CXX_LANGUAGE_STANDARD = "gnu++20";
				CLANG_ENABLE_MODULES = YES;
				CLANG_ENABLE_OBJC_ARC = YES;
				CLANG_ENABLE_OBJC_WEAK = YES;
				CLANG_WARN_BLOCK_CAPTURE_AUTORELEASING = YES;
				CLANG_WARN_BOOL_CONVERSION = YES;
				CLANG_WARN_COMMA = YES;
				CLANG_WARN_CONSTANT_CONVERSION = YES;
				CLANG_WARN_DEPRECATED_OBJC_IMPLEMENTATIONS = YES;
				CLANG_WARN_DIRECT_OBJC_ISA_USAGE = YES_ERROR;
				CLANG_WARN_DOCUMENTATION_COMMENTS = YES;
				CLANG_WARN_EMPTY_BODY = YES;
				CLANG_WARN_ENUM_CONVERSION = YES;
				CLANG_WARN_INFINITE_RECURSION = YES;
				CLANG_WARN_INT_CONVERSION = YES;
				CLANG_WARN_NON_LITERAL_NULL_CONVERSION = YES;
				CLANG_WARN_OBJC_IMPLICIT_RETAIN_SELF = YES;
				CLANG_WARN_OBJC_LITERAL_CONVERSION = YES;
				CLANG_WARN_OBJC_ROOT_CLASS = YES_ERROR;
				CLANG_WARN_QUOTED_INCLUDE_IN_FRAMEWORK_HEADER = YES;
				CLANG_WARN_RANGE_LOOP_ANALYSIS = YES;
				CLANG_WARN_STRICT_PROTOTYPES = YES;
				CLANG_WARN_SUSPICIOUS_MOVE = YES;
				CLANG_WARN_UNGUARDED_AVAILABILITY = YES_AGGRESSIVE;
				CLANG_WARN_UNREACHABLE_CODE = YES;
				CLANG_WARN__DUPLICATE_METHOD_MATCH = YES;
				COPY_PHASE_STRIP = NO;
				DEBUG_INFORMATION_FORMAT = dwarf;
				ENABLE_STRICT_OBJC_MSGSEND = YES;
				ENABLE_TESTABILITY = YES;
				ENABLE_USER_SCRIPT_SANDBOXING = YES;
				GCC_C_LANGUAGE_STANDARD = gnu17;
				GCC_DYNAMIC_NO_PIC = NO;
				GCC_NO_COMMON_BLOCKS = YES;
				GCC_OPTIMIZATION_LEVEL = 0;
				GCC_PREPROCESSOR_DEFINITIONS = (
					"DEBUG=1",
					"$(inherited)",
				);
				GCC_WARN_64_TO_32_BIT_CONVERSION = YES;
				GCC_WARN_ABOUT_RETURN_TYPE = YES_ERROR;
				GCC_WARN_UNDECLARED_SELECTOR = YES;
				GCC_WARN_UNINITIALIZED_AUTOS = YES_AGGRESSIVE;
				GCC_WARN_UNUSED_FUNCTION = YES;
				GCC_WARN_UNUSED_VARIABLE = YES;
				IPHONEOS_DEPLOYMENT_TARGET = 17.2;
				LOCALIZATION_PREFERS_STRING_CATALOGS = YES;
				MTL_ENABLE_DEBUG_INFO = INCLUDE_SOURCE;
				MTL_FAST_MATH = YES;
				ONLY_ACTIVE_ARCH = YES;
				SDKROOT = iphoneos;
				SWIFT_ACTIVE_COMPILATION_CONDITIONS = "DEBUG $(inherited)";
				SWIFT_OPTIMIZATION_LEVEL = "-Onone";
			};
			name = Debug;
		};
		848955992C2C5F2D00AFB43B /* Release */ = {
			isa = XCBuildConfiguration;
			buildSettings = {
				ALWAYS_SEARCH_USER_PATHS = NO;
				ASSETCATALOG_COMPILER_GENERATE_SWIFT_ASSET_SYMBOL_EXTENSIONS = YES;
				CLANG_ANALYZER_NONNULL = YES;
				CLANG_ANALYZER_NUMBER_OBJECT_CONVERSION = YES_AGGRESSIVE;
				CLANG_CXX_LANGUAGE_STANDARD = "gnu++20";
				CLANG_ENABLE_MODULES = YES;
				CLANG_ENABLE_OBJC_ARC = YES;
				CLANG_ENABLE_OBJC_WEAK = YES;
				CLANG_WARN_BLOCK_CAPTURE_AUTORELEASING = YES;
				CLANG_WARN_BOOL_CONVERSION = YES;
				CLANG_WARN_COMMA = YES;
				CLANG_WARN_CONSTANT_CONVERSION = YES;
				CLANG_WARN_DEPRECATED_OBJC_IMPLEMENTATIONS = YES;
				CLANG_WARN_DIRECT_OBJC_ISA_USAGE = YES_ERROR;
				CLANG_WARN_DOCUMENTATION_COMMENTS = YES;
				CLANG_WARN_EMPTY_BODY = YES;
				CLANG_WARN_ENUM_CONVERSION = YES;
				CLANG_WARN_INFINITE_RECURSION = YES;
				CLANG_WARN_INT_CONVERSION = YES;
				CLANG_WARN_NON_LITERAL_NULL_CONVERSION = YES;
				CLANG_WARN_OBJC_IMPLICIT_RETAIN_SELF = YES;
				CLANG_WARN_OBJC_LITERAL_CONVERSION = YES;
				CLANG_WARN_OBJC_ROOT_CLASS = YES_ERROR;
				CLANG_WARN_QUOTED_INCLUDE_IN_FRAMEWORK_HEADER = YES;
				CLANG_WARN_RANGE_LOOP_ANALYSIS = YES;
				CLANG_WARN_STRICT_PROTOTYPES = YES;
				CLANG_WARN_SUSPICIOUS_MOVE = YES;
				CLANG_WARN_UNGUARDED_AVAILABILITY = YES_AGGRESSIVE;
				CLANG_WARN_UNREACHABLE_CODE = YES;
				CLANG_WARN__DUPLICATE_METHOD_MATCH = YES;
				COPY_PHASE_STRIP = NO;
				DEBUG_INFORMATION_FORMAT = "dwarf-with-dsym";
				ENABLE_NS_ASSERTIONS = NO;
				ENABLE_STRICT_OBJC_MSGSEND = YES;
				ENABLE_USER_SCRIPT_SANDBOXING = YES;
				GCC_C_LANGUAGE_STANDARD = gnu17;
				GCC_NO_COMMON_BLOCKS = YES;
				GCC_WARN_64_TO_32_BIT_CONVERSION = YES;
				GCC_WARN_ABOUT_RETURN_TYPE = YES_ERROR;
				GCC_WARN_UNDECLARED_SELECTOR = YES;
				GCC_WARN_UNINITIALIZED_AUTOS = YES_AGGRESSIVE;
				GCC_WARN_UNUSED_FUNCTION = YES;
				GCC_WARN_UNUSED_VARIABLE = YES;
				IPHONEOS_DEPLOYMENT_TARGET = 17.2;
				LOCALIZATION_PREFERS_STRING_CATALOGS = YES;
				MTL_ENABLE_DEBUG_INFO = NO;
				MTL_FAST_MATH = YES;
				SDKROOT = iphoneos;
				SWIFT_COMPILATION_MODE = wholemodule;
				VALIDATE_PRODUCT = YES;
			};
			name = Release;
		};
		8489559B2C2C5F2D00AFB43B /* Debug */ = {
			isa = XCBuildConfiguration;
			buildSettings = {
				ASSETCATALOG_COMPILER_APPICON_NAME = AppIcon;
				ASSETCATALOG_COMPILER_GLOBAL_ACCENT_COLOR_NAME = AccentColor;
				CODE_SIGN_STYLE = Automatic;
				CURRENT_PROJECT_VERSION = 1;
				GENERATE_INFOPLIST_FILE = YES;
				INFOPLIST_FILE = "M-Bank/Info.plist";
				INFOPLIST_KEY_UIApplicationSupportsIndirectInputEvents = YES;
				INFOPLIST_KEY_UILaunchStoryboardName = LaunchScreen;
				INFOPLIST_KEY_UISupportedInterfaceOrientations = UIInterfaceOrientationPortrait;
				INFOPLIST_KEY_UISupportedInterfaceOrientations_iPad = "UIInterfaceOrientationLandscapeLeft UIInterfaceOrientationLandscapeRight UIInterfaceOrientationPortrait UIInterfaceOrientationPortraitUpsideDown";
				IPHONEOS_DEPLOYMENT_TARGET = 15.0;
				LD_RUNPATH_SEARCH_PATHS = (
					"$(inherited)",
					"@executable_path/Frameworks",
				);
				MARKETING_VERSION = 1.0;
				PRODUCT_BUNDLE_IDENTIFIER = "com.Polovoy.M-Bank";
				PRODUCT_NAME = "$(TARGET_NAME)";
				SUPPORTED_PLATFORMS = "iphoneos iphonesimulator";
				SUPPORTS_MACCATALYST = NO;
				SUPPORTS_MAC_DESIGNED_FOR_IPHONE_IPAD = NO;
				SWIFT_EMIT_LOC_STRINGS = YES;
				SWIFT_VERSION = 5.0;
				TARGETED_DEVICE_FAMILY = 1;
			};
			name = Debug;
		};
		8489559C2C2C5F2D00AFB43B /* Release */ = {
			isa = XCBuildConfiguration;
			buildSettings = {
				ASSETCATALOG_COMPILER_APPICON_NAME = AppIcon;
				ASSETCATALOG_COMPILER_GLOBAL_ACCENT_COLOR_NAME = AccentColor;
				CODE_SIGN_STYLE = Automatic;
				CURRENT_PROJECT_VERSION = 1;
				GENERATE_INFOPLIST_FILE = YES;
				INFOPLIST_FILE = "M-Bank/Info.plist";
				INFOPLIST_KEY_UIApplicationSupportsIndirectInputEvents = YES;
				INFOPLIST_KEY_UILaunchStoryboardName = LaunchScreen;
				INFOPLIST_KEY_UISupportedInterfaceOrientations = UIInterfaceOrientationPortrait;
				INFOPLIST_KEY_UISupportedInterfaceOrientations_iPad = "UIInterfaceOrientationLandscapeLeft UIInterfaceOrientationLandscapeRight UIInterfaceOrientationPortrait UIInterfaceOrientationPortraitUpsideDown";
				IPHONEOS_DEPLOYMENT_TARGET = 15.0;
				LD_RUNPATH_SEARCH_PATHS = (
					"$(inherited)",
					"@executable_path/Frameworks",
				);
				MARKETING_VERSION = 1.0;
				PRODUCT_BUNDLE_IDENTIFIER = "com.Polovoy.M-Bank";
				PRODUCT_NAME = "$(TARGET_NAME)";
				SUPPORTED_PLATFORMS = "iphoneos iphonesimulator";
				SUPPORTS_MACCATALYST = NO;
				SUPPORTS_MAC_DESIGNED_FOR_IPHONE_IPAD = NO;
				SWIFT_EMIT_LOC_STRINGS = YES;
				SWIFT_VERSION = 5.0;
				TARGETED_DEVICE_FAMILY = 1;
			};
			name = Release;
		};
/* End XCBuildConfiguration section */

/* Begin XCConfigurationList section */
		848955812C2C5F2B00AFB43B /* Build configuration list for PBXProject "M-Bank" */ = {
			isa = XCConfigurationList;
			buildConfigurations = (
				848955982C2C5F2D00AFB43B /* Debug */,
				848955992C2C5F2D00AFB43B /* Release */,
			);
			defaultConfigurationIsVisible = 0;
			defaultConfigurationName = Release;
		};
		8489559A2C2C5F2D00AFB43B /* Build configuration list for PBXNativeTarget "M-Bank" */ = {
			isa = XCConfigurationList;
			buildConfigurations = (
				8489559B2C2C5F2D00AFB43B /* Debug */,
				8489559C2C2C5F2D00AFB43B /* Release */,
			);
			defaultConfigurationIsVisible = 0;
			defaultConfigurationName = Release;
		};
/* End XCConfigurationList section */
	};
	rootObject = 8489557E2C2C5F2B00AFB43B /* Project object */;
}
